// !$*UTF8*$!
{
	archiveVersion = 1;
	classes = {
	};
	objectVersion = 51;
	objects = {

/* Begin PBXBuildFile section */
		29194CF4217C6BD200F5E3A3 /* WriteViewController.swift in Sources */ = {isa = PBXBuildFile; fileRef = 29194CF3217C6BD200F5E3A3 /* WriteViewController.swift */; };
		29194CF6217C853100F5E3A3 /* SunBatang-Medium.ttf in Resources */ = {isa = PBXBuildFile; fileRef = 29194CF5217C853100F5E3A3 /* SunBatang-Medium.ttf */; };
		291E27582178511A00A196E4 /* PresentAnimator.swift in Sources */ = {isa = PBXBuildFile; fileRef = 291E27572178511A00A196E4 /* PresentAnimator.swift */; };
		294E20822176F5D400EC7CD7 /* SunBatang-Light.ttf in Resources */ = {isa = PBXBuildFile; fileRef = 294E20812176F5D400EC7CD7 /* SunBatang-Light.ttf */; };
		2957C5A4217945650072EB96 /* DismissAnimator.swift in Sources */ = {isa = PBXBuildFile; fileRef = 2957C5A3217945650072EB96 /* DismissAnimator.swift */; };
		2957C5A62179CB970072EB96 /* DayTableViewCell.swift in Sources */ = {isa = PBXBuildFile; fileRef = 2957C5A52179CB970072EB96 /* DayTableViewCell.swift */; };
		2989B1762177C1D20045A319 /* DayViewController.swift in Sources */ = {isa = PBXBuildFile; fileRef = 2989B1752177C1D20045A319 /* DayViewController.swift */; };
		299A9A7C217323B900390C82 /* YearCollectionViewController.swift in Sources */ = {isa = PBXBuildFile; fileRef = 299A9A7B217323B900390C82 /* YearCollectionViewController.swift */; };
		299A9A7E217323D100390C82 /* MonthCollectionViewController.swift in Sources */ = {isa = PBXBuildFile; fileRef = 299A9A7D217323D100390C82 /* MonthCollectionViewController.swift */; };
		299A9A84217326F700390C82 /* YearCollectionViewCell.swift in Sources */ = {isa = PBXBuildFile; fileRef = 299A9A83217326F700390C82 /* YearCollectionViewCell.swift */; };
		299A9A862173276900390C82 /* MonthCollectionViewCell.swift in Sources */ = {isa = PBXBuildFile; fileRef = 299A9A852173276900390C82 /* MonthCollectionViewCell.swift */; };
		299A9A932173CEB900390C82 /* YearFlowLayout.swift in Sources */ = {isa = PBXBuildFile; fileRef = 299A9A922173CEB900390C82 /* YearFlowLayout.swift */; };
		299A9A952173D1EF00390C82 /* MonthFlowLayout.swift in Sources */ = {isa = PBXBuildFile; fileRef = 299A9A942173D1EF00390C82 /* MonthFlowLayout.swift */; };
		29B87FE62170CDD7003F96C3 /* AppDelegate.swift in Sources */ = {isa = PBXBuildFile; fileRef = 29B87FE52170CDD7003F96C3 /* AppDelegate.swift */; };
		29B87FE82170CDD7003F96C3 /* MainViewController.swift in Sources */ = {isa = PBXBuildFile; fileRef = 29B87FE72170CDD7003F96C3 /* MainViewController.swift */; };
		29B87FEB2170CDD7003F96C3 /* Main.storyboard in Resources */ = {isa = PBXBuildFile; fileRef = 29B87FE92170CDD7003F96C3 /* Main.storyboard */; };
		29B87FED2170CDDB003F96C3 /* Assets.xcassets in Resources */ = {isa = PBXBuildFile; fileRef = 29B87FEC2170CDDB003F96C3 /* Assets.xcassets */; };
		29B87FF02170CDDB003F96C3 /* LaunchScreen.storyboard in Resources */ = {isa = PBXBuildFile; fileRef = 29B87FEE2170CDDB003F96C3 /* LaunchScreen.storyboard */; };
		29B87FF82170D7B9003F96C3 /* MainCollectionViewController.swift in Sources */ = {isa = PBXBuildFile; fileRef = 29B87FF72170D7B9003F96C3 /* MainCollectionViewController.swift */; };
		29B87FFA2170D8B4003F96C3 /* MainCollectionViewCell.swift in Sources */ = {isa = PBXBuildFile; fileRef = 29B87FF92170D8B4003F96C3 /* MainCollectionViewCell.swift */; };
		29B87FFC2170D944003F96C3 /* CalendarService.swift in Sources */ = {isa = PBXBuildFile; fileRef = 29B87FFB2170D944003F96C3 /* CalendarService.swift */; };
		29B87FFE2170DA9A003F96C3 /* CalendarCollectionViewCell.swift in Sources */ = {isa = PBXBuildFile; fileRef = 29B87FFD2170DA9A003F96C3 /* CalendarCollectionViewCell.swift */; };
		29F7382A217D124100D7728A /* RealmModel.swift in Sources */ = {isa = PBXBuildFile; fileRef = 29F73829217D124100D7728A /* RealmModel.swift */; };
		29FE7CC2217F50A200137ECE /* ListViewController.swift in Sources */ = {isa = PBXBuildFile; fileRef = 29FE7CC1217F50A200137ECE /* ListViewController.swift */; };
		29FE7CC4217F6DEB00137ECE /* ListTableViewCell.swift in Sources */ = {isa = PBXBuildFile; fileRef = 29FE7CC3217F6DEB00137ECE /* ListTableViewCell.swift */; };
		BAFC7B8958615EEE076D03EA /* Pods_Geunal.framework in Frameworks */ = {isa = PBXBuildFile; fileRef = B1353175E4192FB4977EE061 /* Pods_Geunal.framework */; };
/* End PBXBuildFile section */

/* Begin PBXFileReference section */
		29194CF3217C6BD200F5E3A3 /* WriteViewController.swift */ = {isa = PBXFileReference; lastKnownFileType = sourcecode.swift; path = WriteViewController.swift; sourceTree = "<group>"; };
		29194CF5217C853100F5E3A3 /* SunBatang-Medium.ttf */ = {isa = PBXFileReference; lastKnownFileType = file; path = "SunBatang-Medium.ttf"; sourceTree = "<group>"; };
		291E27572178511A00A196E4 /* PresentAnimator.swift */ = {isa = PBXFileReference; lastKnownFileType = sourcecode.swift; path = PresentAnimator.swift; sourceTree = "<group>"; };
		294E20812176F5D400EC7CD7 /* SunBatang-Light.ttf */ = {isa = PBXFileReference; lastKnownFileType = file; path = "SunBatang-Light.ttf"; sourceTree = "<group>"; };
		2957C5A3217945650072EB96 /* DismissAnimator.swift */ = {isa = PBXFileReference; lastKnownFileType = sourcecode.swift; path = DismissAnimator.swift; sourceTree = "<group>"; };
		2957C5A52179CB970072EB96 /* DayTableViewCell.swift */ = {isa = PBXFileReference; lastKnownFileType = sourcecode.swift; path = DayTableViewCell.swift; sourceTree = "<group>"; };
		2989B1752177C1D20045A319 /* DayViewController.swift */ = {isa = PBXFileReference; lastKnownFileType = sourcecode.swift; path = DayViewController.swift; sourceTree = "<group>"; };
		299A9A7B217323B900390C82 /* YearCollectionViewController.swift */ = {isa = PBXFileReference; lastKnownFileType = sourcecode.swift; path = YearCollectionViewController.swift; sourceTree = "<group>"; };
		299A9A7D217323D100390C82 /* MonthCollectionViewController.swift */ = {isa = PBXFileReference; lastKnownFileType = sourcecode.swift; path = MonthCollectionViewController.swift; sourceTree = "<group>"; };
		299A9A83217326F700390C82 /* YearCollectionViewCell.swift */ = {isa = PBXFileReference; lastKnownFileType = sourcecode.swift; path = YearCollectionViewCell.swift; sourceTree = "<group>"; };
		299A9A852173276900390C82 /* MonthCollectionViewCell.swift */ = {isa = PBXFileReference; lastKnownFileType = sourcecode.swift; path = MonthCollectionViewCell.swift; sourceTree = "<group>"; };
		299A9A922173CEB900390C82 /* YearFlowLayout.swift */ = {isa = PBXFileReference; lastKnownFileType = sourcecode.swift; path = YearFlowLayout.swift; sourceTree = "<group>"; };
		299A9A942173D1EF00390C82 /* MonthFlowLayout.swift */ = {isa = PBXFileReference; lastKnownFileType = sourcecode.swift; path = MonthFlowLayout.swift; sourceTree = "<group>"; };
		29B87FE22170CDD7003F96C3 /* Geunal.app */ = {isa = PBXFileReference; explicitFileType = wrapper.application; includeInIndex = 0; path = Geunal.app; sourceTree = BUILT_PRODUCTS_DIR; };
		29B87FE52170CDD7003F96C3 /* AppDelegate.swift */ = {isa = PBXFileReference; lastKnownFileType = sourcecode.swift; path = AppDelegate.swift; sourceTree = "<group>"; };
		29B87FE72170CDD7003F96C3 /* MainViewController.swift */ = {isa = PBXFileReference; lastKnownFileType = sourcecode.swift; path = MainViewController.swift; sourceTree = "<group>"; };
		29B87FEA2170CDD7003F96C3 /* Base */ = {isa = PBXFileReference; lastKnownFileType = file.storyboard; name = Base; path = Base.lproj/Main.storyboard; sourceTree = "<group>"; };
		29B87FEC2170CDDB003F96C3 /* Assets.xcassets */ = {isa = PBXFileReference; lastKnownFileType = folder.assetcatalog; path = Assets.xcassets; sourceTree = "<group>"; };
		29B87FEF2170CDDB003F96C3 /* Base */ = {isa = PBXFileReference; lastKnownFileType = file.storyboard; name = Base; path = Base.lproj/LaunchScreen.storyboard; sourceTree = "<group>"; };
		29B87FF12170CDDB003F96C3 /* Info.plist */ = {isa = PBXFileReference; lastKnownFileType = text.plist.xml; path = Info.plist; sourceTree = "<group>"; };
		29B87FF72170D7B9003F96C3 /* MainCollectionViewController.swift */ = {isa = PBXFileReference; lastKnownFileType = sourcecode.swift; path = MainCollectionViewController.swift; sourceTree = "<group>"; };
		29B87FF92170D8B4003F96C3 /* MainCollectionViewCell.swift */ = {isa = PBXFileReference; lastKnownFileType = sourcecode.swift; path = MainCollectionViewCell.swift; sourceTree = "<group>"; };
		29B87FFB2170D944003F96C3 /* CalendarService.swift */ = {isa = PBXFileReference; lastKnownFileType = sourcecode.swift; path = CalendarService.swift; sourceTree = "<group>"; };
		29B87FFD2170DA9A003F96C3 /* CalendarCollectionViewCell.swift */ = {isa = PBXFileReference; lastKnownFileType = sourcecode.swift; path = CalendarCollectionViewCell.swift; sourceTree = "<group>"; };
		29F73829217D124100D7728A /* RealmModel.swift */ = {isa = PBXFileReference; lastKnownFileType = sourcecode.swift; path = RealmModel.swift; sourceTree = "<group>"; };
		29FE7CC1217F50A200137ECE /* ListViewController.swift */ = {isa = PBXFileReference; lastKnownFileType = sourcecode.swift; path = ListViewController.swift; sourceTree = "<group>"; };
		29FE7CC3217F6DEB00137ECE /* ListTableViewCell.swift */ = {isa = PBXFileReference; lastKnownFileType = sourcecode.swift; path = ListTableViewCell.swift; sourceTree = "<group>"; };
		482762572AC37C190BB3FA16 /* Pods-Geunal.debug.xcconfig */ = {isa = PBXFileReference; includeInIndex = 1; lastKnownFileType = text.xcconfig; name = "Pods-Geunal.debug.xcconfig"; path = "Pods/Target Support Files/Pods-Geunal/Pods-Geunal.debug.xcconfig"; sourceTree = "<group>"; };
		B1353175E4192FB4977EE061 /* Pods_Geunal.framework */ = {isa = PBXFileReference; explicitFileType = wrapper.framework; includeInIndex = 0; path = Pods_Geunal.framework; sourceTree = BUILT_PRODUCTS_DIR; };
		F072318534F1BA28B77653E6 /* Pods-Geunal.release.xcconfig */ = {isa = PBXFileReference; includeInIndex = 1; lastKnownFileType = text.xcconfig; name = "Pods-Geunal.release.xcconfig"; path = "Pods/Target Support Files/Pods-Geunal/Pods-Geunal.release.xcconfig"; sourceTree = "<group>"; };
/* End PBXFileReference section */

/* Begin PBXFrameworksBuildPhase section */
		29B87FDF2170CDD7003F96C3 /* Frameworks */ = {
			isa = PBXFrameworksBuildPhase;
			buildActionMask = 2147483647;
			files = (
				BAFC7B8958615EEE076D03EA /* Pods_Geunal.framework in Frameworks */,
			);
			runOnlyForDeploymentPostprocessing = 0;
		};
/* End PBXFrameworksBuildPhase section */

/* Begin PBXGroup section */
		291E2754217849CA00A196E4 /* Animators */ = {
			isa = PBXGroup;
			children = (
				291E27572178511A00A196E4 /* PresentAnimator.swift */,
				2957C5A3217945650072EB96 /* DismissAnimator.swift */,
			);
			path = Animators;
			sourceTree = "<group>";
		};
		291E2755217849E600A196E4 /* Controllers */ = {
			isa = PBXGroup;
			children = (
				29B87FE72170CDD7003F96C3 /* MainViewController.swift */,
				29B87FF72170D7B9003F96C3 /* MainCollectionViewController.swift */,
				299A9A7B217323B900390C82 /* YearCollectionViewController.swift */,
				299A9A7D217323D100390C82 /* MonthCollectionViewController.swift */,
				2989B1752177C1D20045A319 /* DayViewController.swift */,
				29194CF3217C6BD200F5E3A3 /* WriteViewController.swift */,
				29FE7CC1217F50A200137ECE /* ListViewController.swift */,
			);
			path = Controllers;
			sourceTree = "<group>";
		};
		291E275621784A0200A196E4 /* Services */ = {
			isa = PBXGroup;
			children = (
				29B87FFB2170D944003F96C3 /* CalendarService.swift */,
				29F73829217D124100D7728A /* RealmModel.swift */,
			);
			path = Services;
			sourceTree = "<group>";
		};
		299A9A8C21739C9300390C82 /* Views */ = {
			isa = PBXGroup;
			children = (
				29B87FF92170D8B4003F96C3 /* MainCollectionViewCell.swift */,
				29B87FFD2170DA9A003F96C3 /* CalendarCollectionViewCell.swift */,
				299A9A83217326F700390C82 /* YearCollectionViewCell.swift */,
				299A9A852173276900390C82 /* MonthCollectionViewCell.swift */,
				2957C5A52179CB970072EB96 /* DayTableViewCell.swift */,
				29FE7CC3217F6DEB00137ECE /* ListTableViewCell.swift */,
			);
			path = Views;
			sourceTree = "<group>";
		};
		299A9A8F21739CE400390C82 /* Layouts */ = {
			isa = PBXGroup;
			children = (
				299A9A922173CEB900390C82 /* YearFlowLayout.swift */,
				299A9A942173D1EF00390C82 /* MonthFlowLayout.swift */,
			);
			path = Layouts;
			sourceTree = "<group>";
		};
		29B87FD92170CDD7003F96C3 = {
			isa = PBXGroup;
			children = (
				29B87FE42170CDD7003F96C3 /* Geunal */,
				29B87FE32170CDD7003F96C3 /* Products */,
				C8B2AC94D3127E87B726BC6C /* Pods */,
				3745CD4527FB0F9AFF036E07 /* Frameworks */,
			);
			sourceTree = "<group>";
		};
		29B87FE32170CDD7003F96C3 /* Products */ = {
			isa = PBXGroup;
			children = (
				29B87FE22170CDD7003F96C3 /* Geunal.app */,
			);
			name = Products;
			sourceTree = "<group>";
		};
		29B87FE42170CDD7003F96C3 /* Geunal */ = {
			isa = PBXGroup;
			children = (
				291E2755217849E600A196E4 /* Controllers */,
				299A9A8C21739C9300390C82 /* Views */,
				291E275621784A0200A196E4 /* Services */,
				291E2754217849CA00A196E4 /* Animators */,
				299A9A8F21739CE400390C82 /* Layouts */,
				29F7382B217D125500D7728A /* Fonts */,
				29B87FE52170CDD7003F96C3 /* AppDelegate.swift */,
				29B87FE92170CDD7003F96C3 /* Main.storyboard */,
				29B87FEC2170CDDB003F96C3 /* Assets.xcassets */,
				29B87FEE2170CDDB003F96C3 /* LaunchScreen.storyboard */,
				29B87FF12170CDDB003F96C3 /* Info.plist */,
			);
			path = Geunal;
			sourceTree = "<group>";
		};
		29F7382B217D125500D7728A /* Fonts */ = {
			isa = PBXGroup;
			children = (
				29194CF5217C853100F5E3A3 /* SunBatang-Medium.ttf */,
				294E20812176F5D400EC7CD7 /* SunBatang-Light.ttf */,
			);
			path = Fonts;
			sourceTree = "<group>";
		};
		3745CD4527FB0F9AFF036E07 /* Frameworks */ = {
			isa = PBXGroup;
			children = (
				B1353175E4192FB4977EE061 /* Pods_Geunal.framework */,
			);
			name = Frameworks;
			sourceTree = "<group>";
		};
		C8B2AC94D3127E87B726BC6C /* Pods */ = {
			isa = PBXGroup;
			children = (
				482762572AC37C190BB3FA16 /* Pods-Geunal.debug.xcconfig */,
				F072318534F1BA28B77653E6 /* Pods-Geunal.release.xcconfig */,
			);
			name = Pods;
			sourceTree = "<group>";
		};
/* End PBXGroup section */

/* Begin PBXNativeTarget section */
		29B87FE12170CDD7003F96C3 /* Geunal */ = {
			isa = PBXNativeTarget;
			buildConfigurationList = 29B87FF42170CDDB003F96C3 /* Build configuration list for PBXNativeTarget "Geunal" */;
			buildPhases = (
				E3BD8E62B5C5FFA3C6E40B53 /* [CP] Check Pods Manifest.lock */,
				29B87FDE2170CDD7003F96C3 /* Sources */,
				29B87FDF2170CDD7003F96C3 /* Frameworks */,
				29B87FE02170CDD7003F96C3 /* Resources */,
				4B91BAB2147DCFFAEEFD0F7C /* [CP] Embed Pods Frameworks */,
			);
			buildRules = (
			);
			dependencies = (
			);
			name = Geunal;
			productName = Geunal;
			productReference = 29B87FE22170CDD7003F96C3 /* Geunal.app */;
			productType = "com.apple.product-type.application";
		};
/* End PBXNativeTarget section */

/* Begin PBXProject section */
		29B87FDA2170CDD7003F96C3 /* Project object */ = {
			isa = PBXProject;
			attributes = {
				LastSwiftUpdateCheck = 1000;
				LastUpgradeCheck = 1000;
				ORGANIZATIONNAME = "SolChan Ahn";
				TargetAttributes = {
					29B87FE12170CDD7003F96C3 = {
						CreatedOnToolsVersion = 10.0;
					};
				};
			};
			buildConfigurationList = 29B87FDD2170CDD7003F96C3 /* Build configuration list for PBXProject "Geunal" */;
			compatibilityVersion = "Xcode 10.0";
			developmentRegion = en;
			hasScannedForEncodings = 0;
			knownRegions = (
				en,
				Base,
			);
			mainGroup = 29B87FD92170CDD7003F96C3;
			productRefGroup = 29B87FE32170CDD7003F96C3 /* Products */;
			projectDirPath = "";
			projectRoot = "";
			targets = (
				29B87FE12170CDD7003F96C3 /* Geunal */,
			);
		};
/* End PBXProject section */

/* Begin PBXResourcesBuildPhase section */
		29B87FE02170CDD7003F96C3 /* Resources */ = {
			isa = PBXResourcesBuildPhase;
			buildActionMask = 2147483647;
			files = (
				29194CF6217C853100F5E3A3 /* SunBatang-Medium.ttf in Resources */,
				29B87FF02170CDDB003F96C3 /* LaunchScreen.storyboard in Resources */,
				29B87FED2170CDDB003F96C3 /* Assets.xcassets in Resources */,
				294E20822176F5D400EC7CD7 /* SunBatang-Light.ttf in Resources */,
				29B87FEB2170CDD7003F96C3 /* Main.storyboard in Resources */,
			);
			runOnlyForDeploymentPostprocessing = 0;
		};
/* End PBXResourcesBuildPhase section */

/* Begin PBXShellScriptBuildPhase section */
		4B91BAB2147DCFFAEEFD0F7C /* [CP] Embed Pods Frameworks */ = {
			isa = PBXShellScriptBuildPhase;
			buildActionMask = 2147483647;
			files = (
			);
			inputFileListPaths = (
			);
			inputPaths = (
				"${SRCROOT}/Pods/Target Support Files/Pods-Geunal/Pods-Geunal-frameworks.sh",
				"${BUILT_PRODUCTS_DIR}/Realm/Realm.framework",
				"${BUILT_PRODUCTS_DIR}/RealmSwift/RealmSwift.framework",
				"${BUILT_PRODUCTS_DIR}/VisualEffectView/VisualEffectView.framework",
			);
			name = "[CP] Embed Pods Frameworks";
			outputFileListPaths = (
			);
			outputPaths = (
				"${TARGET_BUILD_DIR}/${FRAMEWORKS_FOLDER_PATH}/Realm.framework",
				"${TARGET_BUILD_DIR}/${FRAMEWORKS_FOLDER_PATH}/RealmSwift.framework",
				"${TARGET_BUILD_DIR}/${FRAMEWORKS_FOLDER_PATH}/VisualEffectView.framework",
			);
			runOnlyForDeploymentPostprocessing = 0;
			shellPath = /bin/sh;
			shellScript = "\"${SRCROOT}/Pods/Target Support Files/Pods-Geunal/Pods-Geunal-frameworks.sh\"\n";
			showEnvVarsInLog = 0;
		};
		E3BD8E62B5C5FFA3C6E40B53 /* [CP] Check Pods Manifest.lock */ = {
			isa = PBXShellScriptBuildPhase;
			buildActionMask = 2147483647;
			files = (
			);
			inputFileListPaths = (
			);
			inputPaths = (
				"${PODS_PODFILE_DIR_PATH}/Podfile.lock",
				"${PODS_ROOT}/Manifest.lock",
			);
			name = "[CP] Check Pods Manifest.lock";
			outputFileListPaths = (
			);
			outputPaths = (
				"$(DERIVED_FILE_DIR)/Pods-Geunal-checkManifestLockResult.txt",
			);
			runOnlyForDeploymentPostprocessing = 0;
			shellPath = /bin/sh;
			shellScript = "diff \"${PODS_PODFILE_DIR_PATH}/Podfile.lock\" \"${PODS_ROOT}/Manifest.lock\" > /dev/null\nif [ $? != 0 ] ; then\n    # print error to STDERR\n    echo \"error: The sandbox is not in sync with the Podfile.lock. Run 'pod install' or update your CocoaPods installation.\" >&2\n    exit 1\nfi\n# This output is used by Xcode 'outputs' to avoid re-running this script phase.\necho \"SUCCESS\" > \"${SCRIPT_OUTPUT_FILE_0}\"\n";
			showEnvVarsInLog = 0;
		};
/* End PBXShellScriptBuildPhase section */

/* Begin PBXSourcesBuildPhase section */
		29B87FDE2170CDD7003F96C3 /* Sources */ = {
			isa = PBXSourcesBuildPhase;
			buildActionMask = 2147483647;
			files = (
				29B87FFE2170DA9A003F96C3 /* CalendarCollectionViewCell.swift in Sources */,
				299A9A862173276900390C82 /* MonthCollectionViewCell.swift in Sources */,
				2957C5A62179CB970072EB96 /* DayTableViewCell.swift in Sources */,
				29B87FFA2170D8B4003F96C3 /* MainCollectionViewCell.swift in Sources */,
				29194CF4217C6BD200F5E3A3 /* WriteViewController.swift in Sources */,
				299A9A7C217323B900390C82 /* YearCollectionViewController.swift in Sources */,
				29B87FE82170CDD7003F96C3 /* MainViewController.swift in Sources */,
				299A9A932173CEB900390C82 /* YearFlowLayout.swift in Sources */,
				29FE7CC2217F50A200137ECE /* ListViewController.swift in Sources */,
				29FE7CC4217F6DEB00137ECE /* ListTableViewCell.swift in Sources */,
				29B87FF82170D7B9003F96C3 /* MainCollectionViewController.swift in Sources */,
				29B87FFC2170D944003F96C3 /* CalendarService.swift in Sources */,
				2989B1762177C1D20045A319 /* DayViewController.swift in Sources */,
				291E27582178511A00A196E4 /* PresentAnimator.swift in Sources */,
				299A9A952173D1EF00390C82 /* MonthFlowLayout.swift in Sources */,
				29F7382A217D124100D7728A /* RealmModel.swift in Sources */,
				29B87FE62170CDD7003F96C3 /* AppDelegate.swift in Sources */,
				299A9A84217326F700390C82 /* YearCollectionViewCell.swift in Sources */,
				2957C5A4217945650072EB96 /* DismissAnimator.swift in Sources */,
				299A9A7E217323D100390C82 /* MonthCollectionViewController.swift in Sources */,
			);
			runOnlyForDeploymentPostprocessing = 0;
		};
/* End PBXSourcesBuildPhase section */

/* Begin PBXVariantGroup section */
		29B87FE92170CDD7003F96C3 /* Main.storyboard */ = {
			isa = PBXVariantGroup;
			children = (
				29B87FEA2170CDD7003F96C3 /* Base */,
			);
			name = Main.storyboard;
			sourceTree = "<group>";
		};
		29B87FEE2170CDDB003F96C3 /* LaunchScreen.storyboard */ = {
			isa = PBXVariantGroup;
			children = (
				29B87FEF2170CDDB003F96C3 /* Base */,
			);
			name = LaunchScreen.storyboard;
			sourceTree = "<group>";
		};
/* End PBXVariantGroup section */

/* Begin XCBuildConfiguration section */
		29B87FF22170CDDB003F96C3 /* Debug */ = {
			isa = XCBuildConfiguration;
			buildSettings = {
				ALWAYS_SEARCH_USER_PATHS = NO;
				CLANG_ANALYZER_NONNULL = YES;
				CLANG_ANALYZER_NUMBER_OBJECT_CONVERSION = YES_AGGRESSIVE;
				CLANG_CXX_LANGUAGE_STANDARD = "gnu++14";
				CLANG_CXX_LIBRARY = "libc++";
				CLANG_ENABLE_MODULES = YES;
				CLANG_ENABLE_OBJC_ARC = YES;
				CLANG_ENABLE_OBJC_WEAK = YES;
				CLANG_WARN_BLOCK_CAPTURE_AUTORELEASING = YES;
				CLANG_WARN_BOOL_CONVERSION = YES;
				CLANG_WARN_COMMA = YES;
				CLANG_WARN_CONSTANT_CONVERSION = YES;
				CLANG_WARN_DEPRECATED_OBJC_IMPLEMENTATIONS = YES;
				CLANG_WARN_DIRECT_OBJC_ISA_USAGE = YES_ERROR;
				CLANG_WARN_DOCUMENTATION_COMMENTS = YES;
				CLANG_WARN_EMPTY_BODY = YES;
				CLANG_WARN_ENUM_CONVERSION = YES;
				CLANG_WARN_INFINITE_RECURSION = YES;
				CLANG_WARN_INT_CONVERSION = YES;
				CLANG_WARN_NON_LITERAL_NULL_CONVERSION = YES;
				CLANG_WARN_OBJC_IMPLICIT_RETAIN_SELF = YES;
				CLANG_WARN_OBJC_LITERAL_CONVERSION = YES;
				CLANG_WARN_OBJC_ROOT_CLASS = YES_ERROR;
				CLANG_WARN_RANGE_LOOP_ANALYSIS = YES;
				CLANG_WARN_STRICT_PROTOTYPES = YES;
				CLANG_WARN_SUSPICIOUS_MOVE = YES;
				CLANG_WARN_UNGUARDED_AVAILABILITY = YES_AGGRESSIVE;
				CLANG_WARN_UNREACHABLE_CODE = YES;
				CLANG_WARN__DUPLICATE_METHOD_MATCH = YES;
				CODE_SIGN_IDENTITY = "iPhone Developer";
				COPY_PHASE_STRIP = NO;
				DEBUG_INFORMATION_FORMAT = dwarf;
				ENABLE_STRICT_OBJC_MSGSEND = YES;
				ENABLE_TESTABILITY = YES;
				GCC_C_LANGUAGE_STANDARD = gnu11;
				GCC_DYNAMIC_NO_PIC = NO;
				GCC_NO_COMMON_BLOCKS = YES;
				GCC_OPTIMIZATION_LEVEL = 0;
				GCC_PREPROCESSOR_DEFINITIONS = (
					"DEBUG=1",
					"$(inherited)",
				);
				GCC_WARN_64_TO_32_BIT_CONVERSION = YES;
				GCC_WARN_ABOUT_RETURN_TYPE = YES_ERROR;
				GCC_WARN_UNDECLARED_SELECTOR = YES;
				GCC_WARN_UNINITIALIZED_AUTOS = YES_AGGRESSIVE;
				GCC_WARN_UNUSED_FUNCTION = YES;
				GCC_WARN_UNUSED_VARIABLE = YES;
				IPHONEOS_DEPLOYMENT_TARGET = 12.0;
				MTL_ENABLE_DEBUG_INFO = INCLUDE_SOURCE;
				MTL_FAST_MATH = YES;
				ONLY_ACTIVE_ARCH = YES;
				SDKROOT = iphoneos;
				SWIFT_ACTIVE_COMPILATION_CONDITIONS = DEBUG;
				SWIFT_OPTIMIZATION_LEVEL = "-Onone";
			};
			name = Debug;
		};
		29B87FF32170CDDB003F96C3 /* Release */ = {
			isa = XCBuildConfiguration;
			buildSettings = {
				ALWAYS_SEARCH_USER_PATHS = NO;
				CLANG_ANALYZER_NONNULL = YES;
				CLANG_ANALYZER_NUMBER_OBJECT_CONVERSION = YES_AGGRESSIVE;
				CLANG_CXX_LANGUAGE_STANDARD = "gnu++14";
				CLANG_CXX_LIBRARY = "libc++";
				CLANG_ENABLE_MODULES = YES;
				CLANG_ENABLE_OBJC_ARC = YES;
				CLANG_ENABLE_OBJC_WEAK = YES;
				CLANG_WARN_BLOCK_CAPTURE_AUTORELEASING = YES;
				CLANG_WARN_BOOL_CONVERSION = YES;
				CLANG_WARN_COMMA = YES;
				CLANG_WARN_CONSTANT_CONVERSION = YES;
				CLANG_WARN_DEPRECATED_OBJC_IMPLEMENTATIONS = YES;
				CLANG_WARN_DIRECT_OBJC_ISA_USAGE = YES_ERROR;
				CLANG_WARN_DOCUMENTATION_COMMENTS = YES;
				CLANG_WARN_EMPTY_BODY = YES;
				CLANG_WARN_ENUM_CONVERSION = YES;
				CLANG_WARN_INFINITE_RECURSION = YES;
				CLANG_WARN_INT_CONVERSION = YES;
				CLANG_WARN_NON_LITERAL_NULL_CONVERSION = YES;
				CLANG_WARN_OBJC_IMPLICIT_RETAIN_SELF = YES;
				CLANG_WARN_OBJC_LITERAL_CONVERSION = YES;
				CLANG_WARN_OBJC_ROOT_CLASS = YES_ERROR;
				CLANG_WARN_RANGE_LOOP_ANALYSIS = YES;
				CLANG_WARN_STRICT_PROTOTYPES = YES;
				CLANG_WARN_SUSPICIOUS_MOVE = YES;
				CLANG_WARN_UNGUARDED_AVAILABILITY = YES_AGGRESSIVE;
				CLANG_WARN_UNREACHABLE_CODE = YES;
				CLANG_WARN__DUPLICATE_METHOD_MATCH = YES;
				CODE_SIGN_IDENTITY = "iPhone Developer";
				COPY_PHASE_STRIP = NO;
				DEBUG_INFORMATION_FORMAT = "dwarf-with-dsym";
				ENABLE_NS_ASSERTIONS = NO;
				ENABLE_STRICT_OBJC_MSGSEND = YES;
				GCC_C_LANGUAGE_STANDARD = gnu11;
				GCC_NO_COMMON_BLOCKS = YES;
				GCC_WARN_64_TO_32_BIT_CONVERSION = YES;
				GCC_WARN_ABOUT_RETURN_TYPE = YES_ERROR;
				GCC_WARN_UNDECLARED_SELECTOR = YES;
				GCC_WARN_UNINITIALIZED_AUTOS = YES_AGGRESSIVE;
				GCC_WARN_UNUSED_FUNCTION = YES;
				GCC_WARN_UNUSED_VARIABLE = YES;
				IPHONEOS_DEPLOYMENT_TARGET = 12.0;
				MTL_ENABLE_DEBUG_INFO = NO;
				MTL_FAST_MATH = YES;
				SDKROOT = iphoneos;
				SWIFT_COMPILATION_MODE = wholemodule;
				SWIFT_OPTIMIZATION_LEVEL = "-O";
				VALIDATE_PRODUCT = YES;
			};
			name = Release;
		};
		29B87FF52170CDDB003F96C3 /* Debug */ = {
			isa = XCBuildConfiguration;
			baseConfigurationReference = 482762572AC37C190BB3FA16 /* Pods-Geunal.debug.xcconfig */;
			buildSettings = {
				ASSETCATALOG_COMPILER_APPICON_NAME = AppIcon;
				CODE_SIGN_STYLE = Manual;
				DEVELOPMENT_TEAM = Z339Z9FD2H;
				INFOPLIST_FILE = Geunal/Info.plist;
				LD_RUNPATH_SEARCH_PATHS = (
					"$(inherited)",
					"@executable_path/Frameworks",
				);
				PRODUCT_BUNDLE_IDENTIFIER = com.main.app.Geunal;
				PRODUCT_NAME = "$(TARGET_NAME)";
				PROVISIONING_PROFILE_SPECIFIER = Geunal;
				SWIFT_VERSION = 4.2;
				TARGETED_DEVICE_FAMILY = 1;
			};
			name = Debug;
		};
		29B87FF62170CDDB003F96C3 /* Release */ = {
			isa = XCBuildConfiguration;
			baseConfigurationReference = F072318534F1BA28B77653E6 /* Pods-Geunal.release.xcconfig */;
			buildSettings = {
				ASSETCATALOG_COMPILER_APPICON_NAME = AppIcon;
				CODE_SIGN_IDENTITY = "iPhone Distribution";
				CODE_SIGN_STYLE = Manual;
				DEVELOPMENT_TEAM = Z339Z9FD2H;
				INFOPLIST_FILE = Geunal/Info.plist;
				LD_RUNPATH_SEARCH_PATHS = (
					"$(inherited)",
					"@executable_path/Frameworks",
				);
				PRODUCT_BUNDLE_IDENTIFIER = com.main.app.Geunal;
				PRODUCT_NAME = "$(TARGET_NAME)";
				PROVISIONING_PROFILE_SPECIFIER = "Geunal Distribution";
				SWIFT_VERSION = 4.2;
				TARGETED_DEVICE_FAMILY = 1;
			};
			name = Release;
		};
/* End XCBuildConfiguration section */

/* Begin XCConfigurationList section */
		29B87FDD2170CDD7003F96C3 /* Build configuration list for PBXProject "Geunal" */ = {
			isa = XCConfigurationList;
			buildConfigurations = (
				29B87FF22170CDDB003F96C3 /* Debug */,
				29B87FF32170CDDB003F96C3 /* Release */,
			);
			defaultConfigurationIsVisible = 0;
			defaultConfigurationName = Release;
		};
		29B87FF42170CDDB003F96C3 /* Build configuration list for PBXNativeTarget "Geunal" */ = {
			isa = XCConfigurationList;
			buildConfigurations = (
				29B87FF52170CDDB003F96C3 /* Debug */,
				29B87FF62170CDDB003F96C3 /* Release */,
			);
			defaultConfigurationIsVisible = 0;
			defaultConfigurationName = Release;
		};
/* End XCConfigurationList section */
	};
	rootObject = 29B87FDA2170CDD7003F96C3 /* Project object */;
}
